
Microsoft Visual Studio Solution File, Format Version 11.00
# Visual Studio 2010
Project("{FAE04EC0-301F-11D3-BF4B-00C04F79EFBC}") = "FrisbyToss", "FrisbyToss\FrisbyToss.csproj", "{469CE6F8-BD1E-4ADA-8BAD-64C6E2064378}"
EndProject
Global
	GlobalSection(SolutionConfigurationPlatforms) = preSolution
		Debug|x86 = Debug|x86
		Release|x86 = Release|x86
	EndGlobalSection
	GlobalSection(ProjectConfigurationPlatforms) = postSolution
		{469CE6F8-BD1E-4ADA-8BAD-64C6E2064378}.Debug|x86.ActiveCfg = Debug|x86
		{469CE6F8-BD1E-4ADA-8BAD-64C6E2064378}.Debug|x86.Build.0 = Debug|x86
		{469CE6F8-BD1E-4ADA-8BAD-64C6E2064378}.Release|x86.ActiveCfg = Release|x86
		{469CE6F8-BD1E-4ADA-8BAD-64C6E2064378}.Release|x86.Build.0 = Release|x86
	EndGlobalSection
	GlobalSection(MonoDevelopProperties) = preSolution
		StartupItem = FrisbyToss\FrisbyToss.csproj
	EndGlobalSection
EndGlobal
